# This file is automatically @generated by Cargo.
# It is not intended for manual editing.
version = 4

[[package]]
name = "nero"
version = "0.1.0"
dependencies = [
 "nero-core",
]

[[package]]
name = "nero-core"
version = "0.1.0"

[[package]]
name = "nero-tui"
version = "0.1.0"
dependencies = [
 "nero-core",
]
